// !$*UTF8*$!
{
	archiveVersion = 1;
	classes = {
	};
	objectVersion = 56;
	objects = {

/* Begin PBXBuildFile section */
		1711FBBB2C81DF690047898A /* KeyboardResponder.swift in Sources */ = {isa = PBXBuildFile; fileRef = 1711FBBA2C81DF690047898A /* KeyboardResponder.swift */; };
		171C67262C8EAD95007BCE0F /* FirebaseAnalytics in Frameworks */ = {isa = PBXBuildFile; productRef = 171C67252C8EAD95007BCE0F /* FirebaseAnalytics */; };
		171C67282C8EAD95007BCE0F /* FirebaseAnalyticsOnDeviceConversion in Frameworks */ = {isa = PBXBuildFile; productRef = 171C67272C8EAD95007BCE0F /* FirebaseAnalyticsOnDeviceConversion */; };
		171C672A2C8EAD95007BCE0F /* FirebaseAnalyticsWithoutAdIdSupport in Frameworks */ = {isa = PBXBuildFile; productRef = 171C67292C8EAD95007BCE0F /* FirebaseAnalyticsWithoutAdIdSupport */; };
		171C672C2C8EAD95007BCE0F /* FirebaseAppCheck in Frameworks */ = {isa = PBXBuildFile; productRef = 171C672B2C8EAD95007BCE0F /* FirebaseAppCheck */; };
		171C672E2C8EAD95007BCE0F /* FirebaseAppDistribution-Beta in Frameworks */ = {isa = PBXBuildFile; productRef = 171C672D2C8EAD95007BCE0F /* FirebaseAppDistribution-Beta */; };
		171C67302C8EAD95007BCE0F /* FirebaseAuth in Frameworks */ = {isa = PBXBuildFile; productRef = 171C672F2C8EAD95007BCE0F /* FirebaseAuth */; };
		171C67322C8EAD95007BCE0F /* FirebaseAuthCombine-Community in Frameworks */ = {isa = PBXBuildFile; productRef = 171C67312C8EAD95007BCE0F /* FirebaseAuthCombine-Community */; };
		171C67342C8EAD95007BCE0F /* FirebaseCrashlytics in Frameworks */ = {isa = PBXBuildFile; productRef = 171C67332C8EAD95007BCE0F /* FirebaseCrashlytics */; };
		171C67362C8EAD95007BCE0F /* FirebaseDatabase in Frameworks */ = {isa = PBXBuildFile; productRef = 171C67352C8EAD95007BCE0F /* FirebaseDatabase */; };
		171C67382C8EAD95007BCE0F /* FirebaseDynamicLinks in Frameworks */ = {isa = PBXBuildFile; productRef = 171C67372C8EAD95007BCE0F /* FirebaseDynamicLinks */; };
		171C673A2C8EAD95007BCE0F /* FirebaseFirestore in Frameworks */ = {isa = PBXBuildFile; productRef = 171C67392C8EAD95007BCE0F /* FirebaseFirestore */; };
		171C673C2C8EAD95007BCE0F /* FirebaseFirestoreCombine-Community in Frameworks */ = {isa = PBXBuildFile; productRef = 171C673B2C8EAD95007BCE0F /* FirebaseFirestoreCombine-Community */; };
		171C673E2C8EAD95007BCE0F /* FirebaseFunctions in Frameworks */ = {isa = PBXBuildFile; productRef = 171C673D2C8EAD95007BCE0F /* FirebaseFunctions */; };
		171C67402C8EAD95007BCE0F /* FirebaseFunctionsCombine-Community in Frameworks */ = {isa = PBXBuildFile; productRef = 171C673F2C8EAD95007BCE0F /* FirebaseFunctionsCombine-Community */; };
		171C67422C8EAD95007BCE0F /* FirebaseInAppMessaging-Beta in Frameworks */ = {isa = PBXBuildFile; productRef = 171C67412C8EAD95007BCE0F /* FirebaseInAppMessaging-Beta */; };
		171C67442C8EAD95007BCE0F /* FirebaseInstallations in Frameworks */ = {isa = PBXBuildFile; productRef = 171C67432C8EAD95007BCE0F /* FirebaseInstallations */; };
		171C67462C8EAD95007BCE0F /* FirebaseMLModelDownloader in Frameworks */ = {isa = PBXBuildFile; productRef = 171C67452C8EAD95007BCE0F /* FirebaseMLModelDownloader */; };
		171C67482C8EAD95007BCE0F /* FirebaseMessaging in Frameworks */ = {isa = PBXBuildFile; productRef = 171C67472C8EAD95007BCE0F /* FirebaseMessaging */; };
		171C674A2C8EAD95007BCE0F /* FirebasePerformance in Frameworks */ = {isa = PBXBuildFile; productRef = 171C67492C8EAD95007BCE0F /* FirebasePerformance */; };
		171C674C2C8EAD95007BCE0F /* FirebaseRemoteConfig in Frameworks */ = {isa = PBXBuildFile; productRef = 171C674B2C8EAD95007BCE0F /* FirebaseRemoteConfig */; };
		171C674E2C8EAD95007BCE0F /* FirebaseStorage in Frameworks */ = {isa = PBXBuildFile; productRef = 171C674D2C8EAD95007BCE0F /* FirebaseStorage */; };
		171C67502C8EAD95007BCE0F /* FirebaseStorageCombine-Community in Frameworks */ = {isa = PBXBuildFile; productRef = 171C674F2C8EAD95007BCE0F /* FirebaseStorageCombine-Community */; };
		171C67522C8EAD95007BCE0F /* FirebaseVertexAI-Preview in Frameworks */ = {isa = PBXBuildFile; productRef = 171C67512C8EAD95007BCE0F /* FirebaseVertexAI-Preview */; };
		171C67542C8EB6AA007BCE0F /* GoogleService-Info.plist in Resources */ = {isa = PBXBuildFile; fileRef = 171C67532C8EB6AA007BCE0F /* GoogleService-Info.plist */; };
		171C67562C8EB78E007BCE0F /* QuotesService.swift in Sources */ = {isa = PBXBuildFile; fileRef = 171C67552C8EB78E007BCE0F /* QuotesService.swift */; };
		1758F98C2C78529E00850D01 /* LeckerliOne-Regular.ttf in Resources */ = {isa = PBXBuildFile; fileRef = 1758F98B2C78529E00850D01 /* LeckerliOne-Regular.ttf */; };
		1764FBF92C89D1B900211370 /* Stylo.swift in Sources */ = {isa = PBXBuildFile; fileRef = 1764FBF82C89D1B900211370 /* Stylo.swift */; };
		17B6BB692C805E24000E6EC5 /* Favorites.swift in Sources */ = {isa = PBXBuildFile; fileRef = 17B6BB682C805E24000E6EC5 /* Favorites.swift */; };
		17CC91F12C802BFA0045C787 /* EditorView.swift in Sources */ = {isa = PBXBuildFile; fileRef = 17CC91F02C802BFA0045C787 /* EditorView.swift */; };
		17CDA5232C80915C004F9FD0 /* Helper.swift in Sources */ = {isa = PBXBuildFile; fileRef = 17CDA5222C80915C004F9FD0 /* Helper.swift */; };
		17CDA5252C809B0F004F9FD0 /* Extensions.swift in Sources */ = {isa = PBXBuildFile; fileRef = 17CDA5242C809B0F004F9FD0 /* Extensions.swift */; };
		17D080262C75E34900571F8B /* VideoManager.swift in Sources */ = {isa = PBXBuildFile; fileRef = 17D080242C75E34900571F8B /* VideoManager.swift */; };
		17D080272C75E34900571F8B /* PhotoLibraryManager.swift in Sources */ = {isa = PBXBuildFile; fileRef = 17D080252C75E34900571F8B /* PhotoLibraryManager.swift */; };
		17D080292C75E39200571F8B /* VideoModel.swift in Sources */ = {isa = PBXBuildFile; fileRef = 17D080282C75E39200571F8B /* VideoModel.swift */; };
		17D0802E2C75E45700571F8B /* Bitmap in Frameworks */ = {isa = PBXBuildFile; productRef = 17D0802D2C75E45700571F8B /* Bitmap */; };
		17D080302C75E64A00571F8B /* Image+extensions.swift in Sources */ = {isa = PBXBuildFile; fileRef = 17D0802F2C75E64A00571F8B /* Image+extensions.swift */; };
		17D080322C75FD0B00571F8B /* TextWriter.swift in Sources */ = {isa = PBXBuildFile; fileRef = 17D080312C75FD0B00571F8B /* TextWriter.swift */; };
		17D7D9B12C6A153400657426 /* AnimatedCaligraphyApp.swift in Sources */ = {isa = PBXBuildFile; fileRef = 17D7D9B02C6A153400657426 /* AnimatedCaligraphyApp.swift */; };
		17D7D9B32C6A153400657426 /* ContentView.swift in Sources */ = {isa = PBXBuildFile; fileRef = 17D7D9B22C6A153400657426 /* ContentView.swift */; };
		17D7D9B52C6A153600657426 /* Assets.xcassets in Resources */ = {isa = PBXBuildFile; fileRef = 17D7D9B42C6A153600657426 /* Assets.xcassets */; };
		17D7D9B82C6A153600657426 /* Preview Assets.xcassets in Resources */ = {isa = PBXBuildFile; fileRef = 17D7D9B72C6A153600657426 /* Preview Assets.xcassets */; };
		17D7D9E72C6A179B00657426 /* MultiImageSequence.swift in Sources */ = {isa = PBXBuildFile; fileRef = 17D7D9E62C6A179B00657426 /* MultiImageSequence.swift */; };
		17D7D9F82C6CA3C400657426 /* xxx0008.png in Resources */ = {isa = PBXBuildFile; fileRef = 17D7D9E82C6CA3C300657426 /* xxx0008.png */; };
		17D7D9F92C6CA3C400657426 /* xxx0015.png in Resources */ = {isa = PBXBuildFile; fileRef = 17D7D9E92C6CA3C300657426 /* xxx0015.png */; };
		17D7D9FA2C6CA3C400657426 /* xxx0012.png in Resources */ = {isa = PBXBuildFile; fileRef = 17D7D9EA2C6CA3C300657426 /* xxx0012.png */; };
		17D7D9FB2C6CA3C400657426 /* xxx0014.png in Resources */ = {isa = PBXBuildFile; fileRef = 17D7D9EB2C6CA3C300657426 /* xxx0014.png */; };
		17D7D9FC2C6CA3C400657426 /* xxx0009.png in Resources */ = {isa = PBXBuildFile; fileRef = 17D7D9EC2C6CA3C300657426 /* xxx0009.png */; };
		17D7D9FD2C6CA3C400657426 /* xxx0007.png in Resources */ = {isa = PBXBuildFile; fileRef = 17D7D9ED2C6CA3C300657426 /* xxx0007.png */; };
		17D7D9FE2C6CA3C400657426 /* xxx0005.png in Resources */ = {isa = PBXBuildFile; fileRef = 17D7D9EE2C6CA3C300657426 /* xxx0005.png */; };
		17D7D9FF2C6CA3C400657426 /* xxx0016.png in Resources */ = {isa = PBXBuildFile; fileRef = 17D7D9EF2C6CA3C300657426 /* xxx0016.png */; };
		17D7DA002C6CA3C400657426 /* xxx0006.png in Resources */ = {isa = PBXBuildFile; fileRef = 17D7D9F02C6CA3C300657426 /* xxx0006.png */; };
		17D7DA012C6CA3C400657426 /* xxx0002.png in Resources */ = {isa = PBXBuildFile; fileRef = 17D7D9F12C6CA3C300657426 /* xxx0002.png */; };
		17D7DA022C6CA3C400657426 /* xxx0004.png in Resources */ = {isa = PBXBuildFile; fileRef = 17D7D9F22C6CA3C300657426 /* xxx0004.png */; };
		17D7DA032C6CA3C400657426 /* xxx0003.png in Resources */ = {isa = PBXBuildFile; fileRef = 17D7D9F32C6CA3C300657426 /* xxx0003.png */; };
		17D7DA042C6CA3C400657426 /* xxx0013.png in Resources */ = {isa = PBXBuildFile; fileRef = 17D7D9F42C6CA3C300657426 /* xxx0013.png */; };
		17D7DA052C6CA3C400657426 /* xxx0001.png in Resources */ = {isa = PBXBuildFile; fileRef = 17D7D9F52C6CA3C400657426 /* xxx0001.png */; };
		17D7DA062C6CA3C400657426 /* xxx0010.png in Resources */ = {isa = PBXBuildFile; fileRef = 17D7D9F62C6CA3C400657426 /* xxx0010.png */; };
		17D7DA072C6CA3C400657426 /* xxx0011.png in Resources */ = {isa = PBXBuildFile; fileRef = 17D7D9F72C6CA3C400657426 /* xxx0011.png */; };
/* End PBXBuildFile section */

/* Begin PBXFileReference section */
		1711FBBA2C81DF690047898A /* KeyboardResponder.swift */ = {isa = PBXFileReference; lastKnownFileType = sourcecode.swift; path = KeyboardResponder.swift; sourceTree = "<group>"; };
		171C67532C8EB6AA007BCE0F /* GoogleService-Info.plist */ = {isa = PBXFileReference; fileEncoding = 4; lastKnownFileType = text.plist.xml; path = "GoogleService-Info.plist"; sourceTree = "<group>"; };
		171C67552C8EB78E007BCE0F /* QuotesService.swift */ = {isa = PBXFileReference; lastKnownFileType = sourcecode.swift; path = QuotesService.swift; sourceTree = "<group>"; };
		1758F98B2C78529E00850D01 /* LeckerliOne-Regular.ttf */ = {isa = PBXFileReference; lastKnownFileType = file; name = "LeckerliOne-Regular.ttf"; path = "../../LeckerliOne-Regular.ttf"; sourceTree = "<group>"; };
		1758F98D2C78531800850D01 /* Info.plist */ = {isa = PBXFileReference; lastKnownFileType = text.plist; path = Info.plist; sourceTree = "<group>"; };
		1764FBF82C89D1B900211370 /* Stylo.swift */ = {isa = PBXFileReference; fileEncoding = 4; lastKnownFileType = sourcecode.swift; path = Stylo.swift; sourceTree = "<group>"; };
		17B6BB682C805E24000E6EC5 /* Favorites.swift */ = {isa = PBXFileReference; lastKnownFileType = sourcecode.swift; path = Favorites.swift; sourceTree = "<group>"; };
		17CC91F02C802BFA0045C787 /* EditorView.swift */ = {isa = PBXFileReference; lastKnownFileType = sourcecode.swift; path = EditorView.swift; sourceTree = "<group>"; };
		17CDA5222C80915C004F9FD0 /* Helper.swift */ = {isa = PBXFileReference; lastKnownFileType = sourcecode.swift; path = Helper.swift; sourceTree = "<group>"; };
		17CDA5242C809B0F004F9FD0 /* Extensions.swift */ = {isa = PBXFileReference; lastKnownFileType = sourcecode.swift; path = Extensions.swift; sourceTree = "<group>"; };
		17D080242C75E34900571F8B /* VideoManager.swift */ = {isa = PBXFileReference; fileEncoding = 4; lastKnownFileType = sourcecode.swift; path = VideoManager.swift; sourceTree = "<group>"; };
		17D080252C75E34900571F8B /* PhotoLibraryManager.swift */ = {isa = PBXFileReference; fileEncoding = 4; lastKnownFileType = sourcecode.swift; path = PhotoLibraryManager.swift; sourceTree = "<group>"; };
		17D080282C75E39200571F8B /* VideoModel.swift */ = {isa = PBXFileReference; fileEncoding = 4; lastKnownFileType = sourcecode.swift; path = VideoModel.swift; sourceTree = "<group>"; };
		17D0802F2C75E64A00571F8B /* Image+extensions.swift */ = {isa = PBXFileReference; fileEncoding = 4; lastKnownFileType = sourcecode.swift; path = "Image+extensions.swift"; sourceTree = "<group>"; };
		17D080312C75FD0B00571F8B /* TextWriter.swift */ = {isa = PBXFileReference; lastKnownFileType = sourcecode.swift; path = TextWriter.swift; sourceTree = "<group>"; };
		17D7D9AD2C6A153400657426 /* AnimatedCaligraphy.app */ = {isa = PBXFileReference; explicitFileType = wrapper.application; includeInIndex = 0; path = AnimatedCaligraphy.app; sourceTree = BUILT_PRODUCTS_DIR; };
		17D7D9B02C6A153400657426 /* AnimatedCaligraphyApp.swift */ = {isa = PBXFileReference; lastKnownFileType = sourcecode.swift; path = AnimatedCaligraphyApp.swift; sourceTree = "<group>"; };
		17D7D9B22C6A153400657426 /* ContentView.swift */ = {isa = PBXFileReference; lastKnownFileType = sourcecode.swift; path = ContentView.swift; sourceTree = "<group>"; };
		17D7D9B42C6A153600657426 /* Assets.xcassets */ = {isa = PBXFileReference; lastKnownFileType = folder.assetcatalog; path = Assets.xcassets; sourceTree = "<group>"; };
		17D7D9B72C6A153600657426 /* Preview Assets.xcassets */ = {isa = PBXFileReference; lastKnownFileType = folder.assetcatalog; path = "Preview Assets.xcassets"; sourceTree = "<group>"; };
		17D7D9E62C6A179B00657426 /* MultiImageSequence.swift */ = {isa = PBXFileReference; lastKnownFileType = sourcecode.swift; path = MultiImageSequence.swift; sourceTree = "<group>"; };
		17D7D9E82C6CA3C300657426 /* xxx0008.png */ = {isa = PBXFileReference; lastKnownFileType = image.png; path = xxx0008.png; sourceTree = "<group>"; };
		17D7D9E92C6CA3C300657426 /* xxx0015.png */ = {isa = PBXFileReference; lastKnownFileType = image.png; path = xxx0015.png; sourceTree = "<group>"; };
		17D7D9EA2C6CA3C300657426 /* xxx0012.png */ = {isa = PBXFileReference; lastKnownFileType = image.png; path = xxx0012.png; sourceTree = "<group>"; };
		17D7D9EB2C6CA3C300657426 /* xxx0014.png */ = {isa = PBXFileReference; lastKnownFileType = image.png; path = xxx0014.png; sourceTree = "<group>"; };
		17D7D9EC2C6CA3C300657426 /* xxx0009.png */ = {isa = PBXFileReference; lastKnownFileType = image.png; path = xxx0009.png; sourceTree = "<group>"; };
		17D7D9ED2C6CA3C300657426 /* xxx0007.png */ = {isa = PBXFileReference; lastKnownFileType = image.png; path = xxx0007.png; sourceTree = "<group>"; };
		17D7D9EE2C6CA3C300657426 /* xxx0005.png */ = {isa = PBXFileReference; lastKnownFileType = image.png; path = xxx0005.png; sourceTree = "<group>"; };
		17D7D9EF2C6CA3C300657426 /* xxx0016.png */ = {isa = PBXFileReference; lastKnownFileType = image.png; path = xxx0016.png; sourceTree = "<group>"; };
		17D7D9F02C6CA3C300657426 /* xxx0006.png */ = {isa = PBXFileReference; lastKnownFileType = image.png; path = xxx0006.png; sourceTree = "<group>"; };
		17D7D9F12C6CA3C300657426 /* xxx0002.png */ = {isa = PBXFileReference; lastKnownFileType = image.png; path = xxx0002.png; sourceTree = "<group>"; };
		17D7D9F22C6CA3C300657426 /* xxx0004.png */ = {isa = PBXFileReference; lastKnownFileType = image.png; path = xxx0004.png; sourceTree = "<group>"; };
		17D7D9F32C6CA3C300657426 /* xxx0003.png */ = {isa = PBXFileReference; lastKnownFileType = image.png; path = xxx0003.png; sourceTree = "<group>"; };
		17D7D9F42C6CA3C300657426 /* xxx0013.png */ = {isa = PBXFileReference; lastKnownFileType = image.png; path = xxx0013.png; sourceTree = "<group>"; };
		17D7D9F52C6CA3C400657426 /* xxx0001.png */ = {isa = PBXFileReference; lastKnownFileType = image.png; path = xxx0001.png; sourceTree = "<group>"; };
		17D7D9F62C6CA3C400657426 /* xxx0010.png */ = {isa = PBXFileReference; lastKnownFileType = image.png; path = xxx0010.png; sourceTree = "<group>"; };
		17D7D9F72C6CA3C400657426 /* xxx0011.png */ = {isa = PBXFileReference; lastKnownFileType = image.png; path = xxx0011.png; sourceTree = "<group>"; };
/* End PBXFileReference section */

/* Begin PBXFrameworksBuildPhase section */
		17D7D9AA2C6A153400657426 /* Frameworks */ = {
			isa = PBXFrameworksBuildPhase;
			buildActionMask = 2147483647;
			files = (
				171C67522C8EAD95007BCE0F /* FirebaseVertexAI-Preview in Frameworks */,
				171C673C2C8EAD95007BCE0F /* FirebaseFirestoreCombine-Community in Frameworks */,
				171C673E2C8EAD95007BCE0F /* FirebaseFunctions in Frameworks */,
				171C674A2C8EAD95007BCE0F /* FirebasePerformance in Frameworks */,
				171C67502C8EAD95007BCE0F /* FirebaseStorageCombine-Community in Frameworks */,
				171C674C2C8EAD95007BCE0F /* FirebaseRemoteConfig in Frameworks */,
				171C67362C8EAD95007BCE0F /* FirebaseDatabase in Frameworks */,
				171C67382C8EAD95007BCE0F /* FirebaseDynamicLinks in Frameworks */,
				171C67262C8EAD95007BCE0F /* FirebaseAnalytics in Frameworks */,
				171C67282C8EAD95007BCE0F /* FirebaseAnalyticsOnDeviceConversion in Frameworks */,
				17D0802E2C75E45700571F8B /* Bitmap in Frameworks */,
				171C673A2C8EAD95007BCE0F /* FirebaseFirestore in Frameworks */,
				171C67482C8EAD95007BCE0F /* FirebaseMessaging in Frameworks */,
				171C67442C8EAD95007BCE0F /* FirebaseInstallations in Frameworks */,
				171C67402C8EAD95007BCE0F /* FirebaseFunctionsCombine-Community in Frameworks */,
				171C672C2C8EAD95007BCE0F /* FirebaseAppCheck in Frameworks */,
				171C672A2C8EAD95007BCE0F /* FirebaseAnalyticsWithoutAdIdSupport in Frameworks */,
				171C67422C8EAD95007BCE0F /* FirebaseInAppMessaging-Beta in Frameworks */,
				171C67302C8EAD95007BCE0F /* FirebaseAuth in Frameworks */,
				171C67342C8EAD95007BCE0F /* FirebaseCrashlytics in Frameworks */,
				171C67462C8EAD95007BCE0F /* FirebaseMLModelDownloader in Frameworks */,
				171C674E2C8EAD95007BCE0F /* FirebaseStorage in Frameworks */,
				171C672E2C8EAD95007BCE0F /* FirebaseAppDistribution-Beta in Frameworks */,
				171C67322C8EAD95007BCE0F /* FirebaseAuthCombine-Community in Frameworks */,
			);
			runOnlyForDeploymentPostprocessing = 0;
		};
/* End PBXFrameworksBuildPhase section */

/* Begin PBXGroup section */
		1758F9882C78526C00850D01 /* font */ = {
			isa = PBXGroup;
			children = (
				1758F98B2C78529E00850D01 /* LeckerliOne-Regular.ttf */,
			);
			path = font;
			sourceTree = "<group>";
		};
		17CC91EF2C802BC30045C787 /* views */ = {
			isa = PBXGroup;
			children = (
				17CC91F02C802BFA0045C787 /* EditorView.swift */,
				1764FBF82C89D1B900211370 /* Stylo.swift */,
				1711FBBA2C81DF690047898A /* KeyboardResponder.swift */,
				17B6BB682C805E24000E6EC5 /* Favorites.swift */,
			);
			path = views;
			sourceTree = "<group>";
		};
		17D080232C75E34900571F8B /* Manager */ = {
			isa = PBXGroup;
			children = (
				17D080242C75E34900571F8B /* VideoManager.swift */,
				17CDA5242C809B0F004F9FD0 /* Extensions.swift */,
				17D0802F2C75E64A00571F8B /* Image+extensions.swift */,
				17D080282C75E39200571F8B /* VideoModel.swift */,
				17D080252C75E34900571F8B /* PhotoLibraryManager.swift */,
			);
			path = Manager;
			sourceTree = "<group>";
		};
		17D7D9A42C6A153400657426 = {
			isa = PBXGroup;
			children = (
				17D7D9AF2C6A153400657426 /* AnimatedCaligraphy */,
				17D7D9AE2C6A153400657426 /* Products */,
			);
			sourceTree = "<group>";
		};
		17D7D9AE2C6A153400657426 /* Products */ = {
			isa = PBXGroup;
			children = (
				17D7D9AD2C6A153400657426 /* AnimatedCaligraphy.app */,
			);
			name = Products;
			sourceTree = "<group>";
		};
		17D7D9AF2C6A153400657426 /* AnimatedCaligraphy */ = {
			isa = PBXGroup;
			children = (
				17CC91EF2C802BC30045C787 /* views */,
				1758F98D2C78531800850D01 /* Info.plist */,
				1758F9882C78526C00850D01 /* font */,
				17D080232C75E34900571F8B /* Manager */,
				17D7D9B02C6A153400657426 /* AnimatedCaligraphyApp.swift */,
				171C67552C8EB78E007BCE0F /* QuotesService.swift */,
				17CDA5222C80915C004F9FD0 /* Helper.swift */,
				17D7D9E62C6A179B00657426 /* MultiImageSequence.swift */,
				17D7D9B22C6A153400657426 /* ContentView.swift */,
				171C67532C8EB6AA007BCE0F /* GoogleService-Info.plist */,
				17D7D9B42C6A153600657426 /* Assets.xcassets */,
				17D7D9B62C6A153600657426 /* Preview Content */,
				17D080312C75FD0B00571F8B /* TextWriter.swift */,
			);
			path = AnimatedCaligraphy;
			sourceTree = "<group>";
		};
		17D7D9B62C6A153600657426 /* Preview Content */ = {
			isa = PBXGroup;
			children = (
				17D7D9F52C6CA3C400657426 /* xxx0001.png */,
				17D7D9F12C6CA3C300657426 /* xxx0002.png */,
				17D7D9F32C6CA3C300657426 /* xxx0003.png */,
				17D7D9F22C6CA3C300657426 /* xxx0004.png */,
				17D7D9EE2C6CA3C300657426 /* xxx0005.png */,
				17D7D9F02C6CA3C300657426 /* xxx0006.png */,
				17D7D9ED2C6CA3C300657426 /* xxx0007.png */,
				17D7D9E82C6CA3C300657426 /* xxx0008.png */,
				17D7D9EC2C6CA3C300657426 /* xxx0009.png */,
				17D7D9F62C6CA3C400657426 /* xxx0010.png */,
				17D7D9F72C6CA3C400657426 /* xxx0011.png */,
				17D7D9EA2C6CA3C300657426 /* xxx0012.png */,
				17D7D9F42C6CA3C300657426 /* xxx0013.png */,
				17D7D9EB2C6CA3C300657426 /* xxx0014.png */,
				17D7D9E92C6CA3C300657426 /* xxx0015.png */,
				17D7D9EF2C6CA3C300657426 /* xxx0016.png */,
				17D7D9B72C6A153600657426 /* Preview Assets.xcassets */,
			);
			path = "Preview Content";
			sourceTree = "<group>";
		};
/* End PBXGroup section */

/* Begin PBXNativeTarget section */
		17D7D9AC2C6A153400657426 /* AnimatedCaligraphy */ = {
			isa = PBXNativeTarget;
			buildConfigurationList = 17D7D9BB2C6A153600657426 /* Build configuration list for PBXNativeTarget "AnimatedCaligraphy" */;
			buildPhases = (
				17D7D9A92C6A153400657426 /* Sources */,
				17D7D9AA2C6A153400657426 /* Frameworks */,
				17D7D9AB2C6A153400657426 /* Resources */,
			);
			buildRules = (
			);
			dependencies = (
			);
			name = AnimatedCaligraphy;
			packageProductDependencies = (
				17D0802D2C75E45700571F8B /* Bitmap */,
				171C67252C8EAD95007BCE0F /* FirebaseAnalytics */,
				171C67272C8EAD95007BCE0F /* FirebaseAnalyticsOnDeviceConversion */,
				171C67292C8EAD95007BCE0F /* FirebaseAnalyticsWithoutAdIdSupport */,
				171C672B2C8EAD95007BCE0F /* FirebaseAppCheck */,
				171C672D2C8EAD95007BCE0F /* FirebaseAppDistribution-Beta */,
				171C672F2C8EAD95007BCE0F /* FirebaseAuth */,
				171C67312C8EAD95007BCE0F /* FirebaseAuthCombine-Community */,
				171C67332C8EAD95007BCE0F /* FirebaseCrashlytics */,
				171C67352C8EAD95007BCE0F /* FirebaseDatabase */,
				171C67372C8EAD95007BCE0F /* FirebaseDynamicLinks */,
				171C67392C8EAD95007BCE0F /* FirebaseFirestore */,
				171C673B2C8EAD95007BCE0F /* FirebaseFirestoreCombine-Community */,
				171C673D2C8EAD95007BCE0F /* FirebaseFunctions */,
				171C673F2C8EAD95007BCE0F /* FirebaseFunctionsCombine-Community */,
				171C67412C8EAD95007BCE0F /* FirebaseInAppMessaging-Beta */,
				171C67432C8EAD95007BCE0F /* FirebaseInstallations */,
				171C67452C8EAD95007BCE0F /* FirebaseMLModelDownloader */,
				171C67472C8EAD95007BCE0F /* FirebaseMessaging */,
				171C67492C8EAD95007BCE0F /* FirebasePerformance */,
				171C674B2C8EAD95007BCE0F /* FirebaseRemoteConfig */,
				171C674D2C8EAD95007BCE0F /* FirebaseStorage */,
				171C674F2C8EAD95007BCE0F /* FirebaseStorageCombine-Community */,
				171C67512C8EAD95007BCE0F /* FirebaseVertexAI-Preview */,
			);
			productName = AnimatedCaligraphy;
			productReference = 17D7D9AD2C6A153400657426 /* AnimatedCaligraphy.app */;
			productType = "com.apple.product-type.application";
		};
/* End PBXNativeTarget section */

/* Begin PBXProject section */
		17D7D9A52C6A153400657426 /* Project object */ = {
			isa = PBXProject;
			attributes = {
				BuildIndependentTargetsInParallel = 1;
				LastSwiftUpdateCheck = 1520;
				LastUpgradeCheck = 1520;
				TargetAttributes = {
					17D7D9AC2C6A153400657426 = {
						CreatedOnToolsVersion = 15.2;
					};
				};
			};
			buildConfigurationList = 17D7D9A82C6A153400657426 /* Build configuration list for PBXProject "AnimatedCaligraphy" */;
			compatibilityVersion = "Xcode 14.0";
			developmentRegion = en;
			hasScannedForEncodings = 0;
			knownRegions = (
				en,
				Base,
			);
			mainGroup = 17D7D9A42C6A153400657426;
			packageReferences = (
				17D0802C2C75E45700571F8B /* XCRemoteSwiftPackageReference "Bitmap" */,
				171C67242C8EAD95007BCE0F /* XCRemoteSwiftPackageReference "firebase-ios-sdk" */,
			);
			productRefGroup = 17D7D9AE2C6A153400657426 /* Products */;
			projectDirPath = "";
			projectRoot = "";
			targets = (
				17D7D9AC2C6A153400657426 /* AnimatedCaligraphy */,
			);
		};
/* End PBXProject section */

/* Begin PBXResourcesBuildPhase section */
		17D7D9AB2C6A153400657426 /* Resources */ = {
			isa = PBXResourcesBuildPhase;
			buildActionMask = 2147483647;
			files = (
				17D7D9FC2C6CA3C400657426 /* xxx0009.png in Resources */,
				17D7DA062C6CA3C400657426 /* xxx0010.png in Resources */,
				17D7D9F92C6CA3C400657426 /* xxx0015.png in Resources */,
				17D7D9FA2C6CA3C400657426 /* xxx0012.png in Resources */,
				17D7DA032C6CA3C400657426 /* xxx0003.png in Resources */,
				17D7DA002C6CA3C400657426 /* xxx0006.png in Resources */,
				17D7DA042C6CA3C400657426 /* xxx0013.png in Resources */,
				17D7DA022C6CA3C400657426 /* xxx0004.png in Resources */,
				17D7DA052C6CA3C400657426 /* xxx0001.png in Resources */,
				17D7D9B82C6A153600657426 /* Preview Assets.xcassets in Resources */,
				1758F98C2C78529E00850D01 /* LeckerliOne-Regular.ttf in Resources */,
				17D7D9B52C6A153600657426 /* Assets.xcassets in Resources */,
				17D7D9FD2C6CA3C400657426 /* xxx0007.png in Resources */,
				17D7D9F82C6CA3C400657426 /* xxx0008.png in Resources */,
				17D7DA012C6CA3C400657426 /* xxx0002.png in Resources */,
				17D7DA072C6CA3C400657426 /* xxx0011.png in Resources */,
				17D7D9FF2C6CA3C400657426 /* xxx0016.png in Resources */,
				171C67542C8EB6AA007BCE0F /* GoogleService-Info.plist in Resources */,
				17D7D9FB2C6CA3C400657426 /* xxx0014.png in Resources */,
				17D7D9FE2C6CA3C400657426 /* xxx0005.png in Resources */,
			);
			runOnlyForDeploymentPostprocessing = 0;
		};
/* End PBXResourcesBuildPhase section */

/* Begin PBXSourcesBuildPhase section */
		17D7D9A92C6A153400657426 /* Sources */ = {
			isa = PBXSourcesBuildPhase;
			buildActionMask = 2147483647;
			files = (
				1764FBF92C89D1B900211370 /* Stylo.swift in Sources */,
				17D7D9B32C6A153400657426 /* ContentView.swift in Sources */,
				17D080292C75E39200571F8B /* VideoModel.swift in Sources */,
				17D080272C75E34900571F8B /* PhotoLibraryManager.swift in Sources */,
				17D080302C75E64A00571F8B /* Image+extensions.swift in Sources */,
				17D080262C75E34900571F8B /* VideoManager.swift in Sources */,
				17D080322C75FD0B00571F8B /* TextWriter.swift in Sources */,
				17D7D9B12C6A153400657426 /* AnimatedCaligraphyApp.swift in Sources */,
				17B6BB692C805E24000E6EC5 /* Favorites.swift in Sources */,
				1711FBBB2C81DF690047898A /* KeyboardResponder.swift in Sources */,
				171C67562C8EB78E007BCE0F /* QuotesService.swift in Sources */,
				17CDA5232C80915C004F9FD0 /* Helper.swift in Sources */,
				17D7D9E72C6A179B00657426 /* MultiImageSequence.swift in Sources */,
				17CC91F12C802BFA0045C787 /* EditorView.swift in Sources */,
				17CDA5252C809B0F004F9FD0 /* Extensions.swift in Sources */,
			);
			runOnlyForDeploymentPostprocessing = 0;
		};
/* End PBXSourcesBuildPhase section */

/* Begin XCBuildConfiguration section */
		17D7D9B92C6A153600657426 /* Debug */ = {
			isa = XCBuildConfiguration;
			buildSettings = {
				ALWAYS_SEARCH_USER_PATHS = NO;
				ASSETCATALOG_COMPILER_GENERATE_SWIFT_ASSET_SYMBOL_EXTENSIONS = YES;
				CLANG_ANALYZER_NONNULL = YES;
				CLANG_ANALYZER_NUMBER_OBJECT_CONVERSION = YES_AGGRESSIVE;
				CLANG_CXX_LANGUAGE_STANDARD = "gnu++20";
				CLANG_ENABLE_MODULES = YES;
				CLANG_ENABLE_OBJC_ARC = YES;
				CLANG_ENABLE_OBJC_WEAK = YES;
				CLANG_WARN_BLOCK_CAPTURE_AUTORELEASING = YES;
				CLANG_WARN_BOOL_CONVERSION = YES;
				CLANG_WARN_COMMA = YES;
				CLANG_WARN_CONSTANT_CONVERSION = YES;
				CLANG_WARN_DEPRECATED_OBJC_IMPLEMENTATIONS = YES;
				CLANG_WARN_DIRECT_OBJC_ISA_USAGE = YES_ERROR;
				CLANG_WARN_DOCUMENTATION_COMMENTS = YES;
				CLANG_WARN_EMPTY_BODY = YES;
				CLANG_WARN_ENUM_CONVERSION = YES;
				CLANG_WARN_INFINITE_RECURSION = YES;
				CLANG_WARN_INT_CONVERSION = YES;
				CLANG_WARN_NON_LITERAL_NULL_CONVERSION = YES;
				CLANG_WARN_OBJC_IMPLICIT_RETAIN_SELF = YES;
				CLANG_WARN_OBJC_LITERAL_CONVERSION = YES;
				CLANG_WARN_OBJC_ROOT_CLASS = YES_ERROR;
				CLANG_WARN_QUOTED_INCLUDE_IN_FRAMEWORK_HEADER = YES;
				CLANG_WARN_RANGE_LOOP_ANALYSIS = YES;
				CLANG_WARN_STRICT_PROTOTYPES = YES;
				CLANG_WARN_SUSPICIOUS_MOVE = YES;
				CLANG_WARN_UNGUARDED_AVAILABILITY = YES_AGGRESSIVE;
				CLANG_WARN_UNREACHABLE_CODE = YES;
				CLANG_WARN__DUPLICATE_METHOD_MATCH = YES;
				COPY_PHASE_STRIP = NO;
				DEBUG_INFORMATION_FORMAT = dwarf;
				ENABLE_STRICT_OBJC_MSGSEND = YES;
				ENABLE_TESTABILITY = YES;
				ENABLE_USER_SCRIPT_SANDBOXING = YES;
				GCC_C_LANGUAGE_STANDARD = gnu17;
				GCC_DYNAMIC_NO_PIC = NO;
				GCC_NO_COMMON_BLOCKS = YES;
				GCC_OPTIMIZATION_LEVEL = 0;
				GCC_PREPROCESSOR_DEFINITIONS = (
					"DEBUG=1",
					"$(inherited)",
				);
				GCC_WARN_64_TO_32_BIT_CONVERSION = YES;
				GCC_WARN_ABOUT_RETURN_TYPE = YES_ERROR;
				GCC_WARN_UNDECLARED_SELECTOR = YES;
				GCC_WARN_UNINITIALIZED_AUTOS = YES_AGGRESSIVE;
				GCC_WARN_UNUSED_FUNCTION = YES;
				GCC_WARN_UNUSED_VARIABLE = YES;
				IPHONEOS_DEPLOYMENT_TARGET = 17.2;
				LOCALIZATION_PREFERS_STRING_CATALOGS = YES;
				MTL_ENABLE_DEBUG_INFO = INCLUDE_SOURCE;
				MTL_FAST_MATH = YES;
				ONLY_ACTIVE_ARCH = YES;
				SDKROOT = iphoneos;
				SWIFT_ACTIVE_COMPILATION_CONDITIONS = "DEBUG $(inherited)";
				SWIFT_OPTIMIZATION_LEVEL = "-Onone";
			};
			name = Debug;
		};
		17D7D9BA2C6A153600657426 /* Release */ = {
			isa = XCBuildConfiguration;
			buildSettings = {
				ALWAYS_SEARCH_USER_PATHS = NO;
				ASSETCATALOG_COMPILER_GENERATE_SWIFT_ASSET_SYMBOL_EXTENSIONS = YES;
				CLANG_ANALYZER_NONNULL = YES;
				CLANG_ANALYZER_NUMBER_OBJECT_CONVERSION = YES_AGGRESSIVE;
				CLANG_CXX_LANGUAGE_STANDARD = "gnu++20";
				CLANG_ENABLE_MODULES = YES;
				CLANG_ENABLE_OBJC_ARC = YES;
				CLANG_ENABLE_OBJC_WEAK = YES;
				CLANG_WARN_BLOCK_CAPTURE_AUTORELEASING = YES;
				CLANG_WARN_BOOL_CONVERSION = YES;
				CLANG_WARN_COMMA = YES;
				CLANG_WARN_CONSTANT_CONVERSION = YES;
				CLANG_WARN_DEPRECATED_OBJC_IMPLEMENTATIONS = YES;
				CLANG_WARN_DIRECT_OBJC_ISA_USAGE = YES_ERROR;
				CLANG_WARN_DOCUMENTATION_COMMENTS = YES;
				CLANG_WARN_EMPTY_BODY = YES;
				CLANG_WARN_ENUM_CONVERSION = YES;
				CLANG_WARN_INFINITE_RECURSION = YES;
				CLANG_WARN_INT_CONVERSION = YES;
				CLANG_WARN_NON_LITERAL_NULL_CONVERSION = YES;
				CLANG_WARN_OBJC_IMPLICIT_RETAIN_SELF = YES;
				CLANG_WARN_OBJC_LITERAL_CONVERSION = YES;
				CLANG_WARN_OBJC_ROOT_CLASS = YES_ERROR;
				CLANG_WARN_QUOTED_INCLUDE_IN_FRAMEWORK_HEADER = YES;
				CLANG_WARN_RANGE_LOOP_ANALYSIS = YES;
				CLANG_WARN_STRICT_PROTOTYPES = YES;
				CLANG_WARN_SUSPICIOUS_MOVE = YES;
				CLANG_WARN_UNGUARDED_AVAILABILITY = YES_AGGRESSIVE;
				CLANG_WARN_UNREACHABLE_CODE = YES;
				CLANG_WARN__DUPLICATE_METHOD_MATCH = YES;
				COPY_PHASE_STRIP = NO;
				DEBUG_INFORMATION_FORMAT = "dwarf-with-dsym";
				ENABLE_NS_ASSERTIONS = NO;
				ENABLE_STRICT_OBJC_MSGSEND = YES;
				ENABLE_USER_SCRIPT_SANDBOXING = YES;
				GCC_C_LANGUAGE_STANDARD = gnu17;
				GCC_NO_COMMON_BLOCKS = YES;
				GCC_WARN_64_TO_32_BIT_CONVERSION = YES;
				GCC_WARN_ABOUT_RETURN_TYPE = YES_ERROR;
				GCC_WARN_UNDECLARED_SELECTOR = YES;
				GCC_WARN_UNINITIALIZED_AUTOS = YES_AGGRESSIVE;
				GCC_WARN_UNUSED_FUNCTION = YES;
				GCC_WARN_UNUSED_VARIABLE = YES;
				IPHONEOS_DEPLOYMENT_TARGET = 17.2;
				LOCALIZATION_PREFERS_STRING_CATALOGS = YES;
				MTL_ENABLE_DEBUG_INFO = NO;
				MTL_FAST_MATH = YES;
				SDKROOT = iphoneos;
				SWIFT_COMPILATION_MODE = wholemodule;
				VALIDATE_PRODUCT = YES;
			};
			name = Release;
		};
		17D7D9BC2C6A153600657426 /* Debug */ = {
			isa = XCBuildConfiguration;
			buildSettings = {
				ASSETCATALOG_COMPILER_APPICON_NAME = AppIcon;
				ASSETCATALOG_COMPILER_GLOBAL_ACCENT_COLOR_NAME = AccentColor;
				CODE_SIGN_STYLE = Automatic;
				CURRENT_PROJECT_VERSION = 1;
				DEVELOPMENT_ASSET_PATHS = "\"AnimatedCaligraphy/Preview Content\"";
				DEVELOPMENT_TEAM = 4GLZUW75SU;
				ENABLE_PREVIEWS = YES;
				GENERATE_INFOPLIST_FILE = YES;
				INFOPLIST_FILE = AnimatedCaligraphy/Info.plist;
				INFOPLIST_KEY_CFBundleDisplayName = "Hand Write";
				INFOPLIST_KEY_LSApplicationCategoryType = "public.app-category.utilities";
				INFOPLIST_KEY_NSFileProviderDomainUsageDescription = "Photo Library Usage needed";
				INFOPLIST_KEY_NSPhotoLibraryUsageDescription = "Need access to save generated videos";
				INFOPLIST_KEY_UIApplicationSceneManifest_Generation = YES;
				INFOPLIST_KEY_UIApplicationSupportsIndirectInputEvents = YES;
				INFOPLIST_KEY_UILaunchScreen_Generation = YES;
				INFOPLIST_KEY_UISupportedInterfaceOrientations = UIInterfaceOrientationPortrait;
				LD_RUNPATH_SEARCH_PATHS = (
					"$(inherited)",
					"@executable_path/Frameworks",
				);
				MARKETING_VERSION = 1.0;
				PRODUCT_BUNDLE_IDENTIFIER = ro.as3.handwrite;
				PRODUCT_NAME = "$(TARGET_NAME)";
				SUPPORTED_PLATFORMS = "iphoneos iphonesimulator";
				SUPPORTS_MACCATALYST = NO;
				SUPPORTS_MAC_DESIGNED_FOR_IPHONE_IPAD = NO;
				SUPPORTS_XR_DESIGNED_FOR_IPHONE_IPAD = NO;
				SWIFT_EMIT_LOC_STRINGS = YES;
				SWIFT_VERSION = 5.0;
				TARGETED_DEVICE_FAMILY = 1;
			};
			name = Debug;
		};
		17D7D9BD2C6A153600657426 /* Release */ = {
			isa = XCBuildConfiguration;
			buildSettings = {
				ASSETCATALOG_COMPILER_APPICON_NAME = AppIcon;
				ASSETCATALOG_COMPILER_GLOBAL_ACCENT_COLOR_NAME = AccentColor;
				CODE_SIGN_STYLE = Automatic;
				CURRENT_PROJECT_VERSION = 1;
				DEVELOPMENT_ASSET_PATHS = "\"AnimatedCaligraphy/Preview Content\"";
				DEVELOPMENT_TEAM = 4GLZUW75SU;
				ENABLE_PREVIEWS = YES;
				GENERATE_INFOPLIST_FILE = YES;
				INFOPLIST_FILE = AnimatedCaligraphy/Info.plist;
				INFOPLIST_KEY_CFBundleDisplayName = "Hand Write";
				INFOPLIST_KEY_LSApplicationCategoryType = "public.app-category.utilities";
				INFOPLIST_KEY_NSFileProviderDomainUsageDescription = "Photo Library Usage needed";
				INFOPLIST_KEY_NSPhotoLibraryUsageDescription = "Need access to save generated videos";
				INFOPLIST_KEY_UIApplicationSceneManifest_Generation = YES;
				INFOPLIST_KEY_UIApplicationSupportsIndirectInputEvents = YES;
				INFOPLIST_KEY_UILaunchScreen_Generation = YES;
				INFOPLIST_KEY_UISupportedInterfaceOrientations = UIInterfaceOrientationPortrait;
				LD_RUNPATH_SEARCH_PATHS = (
					"$(inherited)",
					"@executable_path/Frameworks",
				);
				MARKETING_VERSION = 1.0;
				PRODUCT_BUNDLE_IDENTIFIER = ro.as3.handwrite;
				PRODUCT_NAME = "$(TARGET_NAME)";
				SUPPORTED_PLATFORMS = "iphoneos iphonesimulator";
				SUPPORTS_MACCATALYST = NO;
				SUPPORTS_MAC_DESIGNED_FOR_IPHONE_IPAD = NO;
				SUPPORTS_XR_DESIGNED_FOR_IPHONE_IPAD = NO;
				SWIFT_EMIT_LOC_STRINGS = YES;
				SWIFT_VERSION = 5.0;
				TARGETED_DEVICE_FAMILY = 1;
			};
			name = Release;
		};
/* End XCBuildConfiguration section */

/* Begin XCConfigurationList section */
		17D7D9A82C6A153400657426 /* Build configuration list for PBXProject "AnimatedCaligraphy" */ = {
			isa = XCConfigurationList;
			buildConfigurations = (
				17D7D9B92C6A153600657426 /* Debug */,
				17D7D9BA2C6A153600657426 /* Release */,
			);
			defaultConfigurationIsVisible = 0;
			defaultConfigurationName = Release;
		};
		17D7D9BB2C6A153600657426 /* Build configuration list for PBXNativeTarget "AnimatedCaligraphy" */ = {
			isa = XCConfigurationList;
			buildConfigurations = (
				17D7D9BC2C6A153600657426 /* Debug */,
				17D7D9BD2C6A153600657426 /* Release */,
			);
			defaultConfigurationIsVisible = 0;
			defaultConfigurationName = Release;
		};
/* End XCConfigurationList section */

/* Begin XCRemoteSwiftPackageReference section */
		171C67242C8EAD95007BCE0F /* XCRemoteSwiftPackageReference "firebase-ios-sdk" */ = {
			isa = XCRemoteSwiftPackageReference;
			repositoryURL = "https://github.com/firebase/firebase-ios-sdk";
			requirement = {
				kind = upToNextMajorVersion;
				minimumVersion = 11.1.0;
			};
		};
		17D0802C2C75E45700571F8B /* XCRemoteSwiftPackageReference "Bitmap" */ = {
			isa = XCRemoteSwiftPackageReference;
			repositoryURL = "https://github.com/dagronf/Bitmap";
			requirement = {
				kind = upToNextMajorVersion;
				minimumVersion = 1.3.1;
			};
		};
/* End XCRemoteSwiftPackageReference section */

/* Begin XCSwiftPackageProductDependency section */
		171C67252C8EAD95007BCE0F /* FirebaseAnalytics */ = {
			isa = XCSwiftPackageProductDependency;
			package = 171C67242C8EAD95007BCE0F /* XCRemoteSwiftPackageReference "firebase-ios-sdk" */;
			productName = FirebaseAnalytics;
		};
		171C67272C8EAD95007BCE0F /* FirebaseAnalyticsOnDeviceConversion */ = {
			isa = XCSwiftPackageProductDependency;
			package = 171C67242C8EAD95007BCE0F /* XCRemoteSwiftPackageReference "firebase-ios-sdk" */;
			productName = FirebaseAnalyticsOnDeviceConversion;
		};
		171C67292C8EAD95007BCE0F /* FirebaseAnalyticsWithoutAdIdSupport */ = {
			isa = XCSwiftPackageProductDependency;
			package = 171C67242C8EAD95007BCE0F /* XCRemoteSwiftPackageReference "firebase-ios-sdk" */;
			productName = FirebaseAnalyticsWithoutAdIdSupport;
		};
		171C672B2C8EAD95007BCE0F /* FirebaseAppCheck */ = {
			isa = XCSwiftPackageProductDependency;
			package = 171C67242C8EAD95007BCE0F /* XCRemoteSwiftPackageReference "firebase-ios-sdk" */;
			productName = FirebaseAppCheck;
		};
		171C672D2C8EAD95007BCE0F /* FirebaseAppDistribution-Beta */ = {
			isa = XCSwiftPackageProductDependency;
			package = 171C67242C8EAD95007BCE0F /* XCRemoteSwiftPackageReference "firebase-ios-sdk" */;
			productName = "FirebaseAppDistribution-Beta";
		};
		171C672F2C8EAD95007BCE0F /* FirebaseAuth */ = {
			isa = XCSwiftPackageProductDependency;
			package = 171C67242C8EAD95007BCE0F /* XCRemoteSwiftPackageReference "firebase-ios-sdk" */;
			productName = FirebaseAuth;
		};
		171C67312C8EAD95007BCE0F /* FirebaseAuthCombine-Community */ = {
			isa = XCSwiftPackageProductDependency;
			package = 171C67242C8EAD95007BCE0F /* XCRemoteSwiftPackageReference "firebase-ios-sdk" */;
			productName = "FirebaseAuthCombine-Community";
		};
		171C67332C8EAD95007BCE0F /* FirebaseCrashlytics */ = {
			isa = XCSwiftPackageProductDependency;
			package = 171C67242C8EAD95007BCE0F /* XCRemoteSwiftPackageReference "firebase-ios-sdk" */;
			productName = FirebaseCrashlytics;
		};
		171C67352C8EAD95007BCE0F /* FirebaseDatabase */ = {
			isa = XCSwiftPackageProductDependency;
			package = 171C67242C8EAD95007BCE0F /* XCRemoteSwiftPackageReference "firebase-ios-sdk" */;
			productName = FirebaseDatabase;
		};
		171C67372C8EAD95007BCE0F /* FirebaseDynamicLinks */ = {
			isa = XCSwiftPackageProductDependency;
			package = 171C67242C8EAD95007BCE0F /* XCRemoteSwiftPackageReference "firebase-ios-sdk" */;
			productName = FirebaseDynamicLinks;
		};
		171C67392C8EAD95007BCE0F /* FirebaseFirestore */ = {
			isa = XCSwiftPackageProductDependency;
			package = 171C67242C8EAD95007BCE0F /* XCRemoteSwiftPackageReference "firebase-ios-sdk" */;
			productName = FirebaseFirestore;
		};
		171C673B2C8EAD95007BCE0F /* FirebaseFirestoreCombine-Community */ = {
			isa = XCSwiftPackageProductDependency;
			package = 171C67242C8EAD95007BCE0F /* XCRemoteSwiftPackageReference "firebase-ios-sdk" */;
			productName = "FirebaseFirestoreCombine-Community";
		};
		171C673D2C8EAD95007BCE0F /* FirebaseFunctions */ = {
			isa = XCSwiftPackageProductDependency;
			package = 171C67242C8EAD95007BCE0F /* XCRemoteSwiftPackageReference "firebase-ios-sdk" */;
			productName = FirebaseFunctions;
		};
		171C673F2C8EAD95007BCE0F /* FirebaseFunctionsCombine-Community */ = {
			isa = XCSwiftPackageProductDependency;
			package = 171C67242C8EAD95007BCE0F /* XCRemoteSwiftPackageReference "firebase-ios-sdk" */;
			productName = "FirebaseFunctionsCombine-Community";
		};
		171C67412C8EAD95007BCE0F /* FirebaseInAppMessaging-Beta */ = {
			isa = XCSwiftPackageProductDependency;
			package = 171C67242C8EAD95007BCE0F /* XCRemoteSwiftPackageReference "firebase-ios-sdk" */;
			productName = "FirebaseInAppMessaging-Beta";
		};
		171C67432C8EAD95007BCE0F /* FirebaseInstallations */ = {
			isa = XCSwiftPackageProductDependency;
			package = 171C67242C8EAD95007BCE0F /* XCRemoteSwiftPackageReference "firebase-ios-sdk" */;
			productName = FirebaseInstallations;
		};
		171C67452C8EAD95007BCE0F /* FirebaseMLModelDownloader */ = {
			isa = XCSwiftPackageProductDependency;
			package = 171C67242C8EAD95007BCE0F /* XCRemoteSwiftPackageReference "firebase-ios-sdk" */;
			productName = FirebaseMLModelDownloader;
		};
		171C67472C8EAD95007BCE0F /* FirebaseMessaging */ = {
			isa = XCSwiftPackageProductDependency;
			package = 171C67242C8EAD95007BCE0F /* XCRemoteSwiftPackageReference "firebase-ios-sdk" */;
			productName = FirebaseMessaging;
		};
		171C67492C8EAD95007BCE0F /* FirebasePerformance */ = {
			isa = XCSwiftPackageProductDependency;
			package = 171C67242C8EAD95007BCE0F /* XCRemoteSwiftPackageReference "firebase-ios-sdk" */;
			productName = FirebasePerformance;
		};
		171C674B2C8EAD95007BCE0F /* FirebaseRemoteConfig */ = {
			isa = XCSwiftPackageProductDependency;
			package = 171C67242C8EAD95007BCE0F /* XCRemoteSwiftPackageReference "firebase-ios-sdk" */;
			productName = FirebaseRemoteConfig;
		};
		171C674D2C8EAD95007BCE0F /* FirebaseStorage */ = {
			isa = XCSwiftPackageProductDependency;
			package = 171C67242C8EAD95007BCE0F /* XCRemoteSwiftPackageReference "firebase-ios-sdk" */;
			productName = FirebaseStorage;
		};
		171C674F2C8EAD95007BCE0F /* FirebaseStorageCombine-Community */ = {
			isa = XCSwiftPackageProductDependency;
			package = 171C67242C8EAD95007BCE0F /* XCRemoteSwiftPackageReference "firebase-ios-sdk" */;
			productName = "FirebaseStorageCombine-Community";
		};
		171C67512C8EAD95007BCE0F /* FirebaseVertexAI-Preview */ = {
			isa = XCSwiftPackageProductDependency;
			package = 171C67242C8EAD95007BCE0F /* XCRemoteSwiftPackageReference "firebase-ios-sdk" */;
			productName = "FirebaseVertexAI-Preview";
		};
		17D0802D2C75E45700571F8B /* Bitmap */ = {
			isa = XCSwiftPackageProductDependency;
			package = 17D0802C2C75E45700571F8B /* XCRemoteSwiftPackageReference "Bitmap" */;
			productName = Bitmap;
		};
/* End XCSwiftPackageProductDependency section */
	};
	rootObject = 17D7D9A52C6A153400657426 /* Project object */;
}
